// !$*UTF8*$!
{
	archiveVersion = 1;
	classes = {
	};
	objectVersion = 46;
	objects = {

/* Begin PBXBuildFile section */
		BA1AC98E185FF54400D30E2A /* TWPictureDataTransformer.m in Sources */ = {isa = PBXBuildFile; fileRef = BA1AC98D185FF54400D30E2A /* TWPictureDataTransformer.m */; };
		BA1AC991185FF60600D30E2A /* TWFiltersCollectionViewController.m in Sources */ = {isa = PBXBuildFile; fileRef = BA1AC990185FF60600D30E2A /* TWFiltersCollectionViewController.m */; };
		BAA113EF1851A42700358D0A /* Foundation.framework in Frameworks */ = {isa = PBXBuildFile; fileRef = BAA113EE1851A42700358D0A /* Foundation.framework */; };
		BAA113F11851A42700358D0A /* CoreGraphics.framework in Frameworks */ = {isa = PBXBuildFile; fileRef = BAA113F01851A42700358D0A /* CoreGraphics.framework */; };
		BAA113F31851A42700358D0A /* UIKit.framework in Frameworks */ = {isa = PBXBuildFile; fileRef = BAA113F21851A42700358D0A /* UIKit.framework */; };
		BAA113F51851A42700358D0A /* CoreData.framework in Frameworks */ = {isa = PBXBuildFile; fileRef = BAA113F41851A42700358D0A /* CoreData.framework */; };
		BAA113FB1851A42700358D0A /* InfoPlist.strings in Resources */ = {isa = PBXBuildFile; fileRef = BAA113F91851A42700358D0A /* InfoPlist.strings */; };
		BAA113FD1851A42700358D0A /* main.m in Sources */ = {isa = PBXBuildFile; fileRef = BAA113FC1851A42700358D0A /* main.m */; };
		BAA114011851A42700358D0A /* TWAppDelegate.m in Sources */ = {isa = PBXBuildFile; fileRef = BAA114001851A42700358D0A /* TWAppDelegate.m */; };
		BAA114041851A42700358D0A /* ThousandWords.xcdatamodeld in Sources */ = {isa = PBXBuildFile; fileRef = BAA114021851A42700358D0A /* ThousandWords.xcdatamodeld */; };
		BAA114061851A42700358D0A /* Images.xcassets in Resources */ = {isa = PBXBuildFile; fileRef = BAA114051851A42700358D0A /* Images.xcassets */; };
		BAA1140D1851A42800358D0A /* XCTest.framework in Frameworks */ = {isa = PBXBuildFile; fileRef = BAA1140C1851A42800358D0A /* XCTest.framework */; };
		BAA1140E1851A42800358D0A /* Foundation.framework in Frameworks */ = {isa = PBXBuildFile; fileRef = BAA113EE1851A42700358D0A /* Foundation.framework */; };
		BAA1140F1851A42800358D0A /* UIKit.framework in Frameworks */ = {isa = PBXBuildFile; fileRef = BAA113F21851A42700358D0A /* UIKit.framework */; };
		BAA114101851A42800358D0A /* CoreData.framework in Frameworks */ = {isa = PBXBuildFile; fileRef = BAA113F41851A42700358D0A /* CoreData.framework */; };
		BAA114181851A42800358D0A /* InfoPlist.strings in Resources */ = {isa = PBXBuildFile; fileRef = BAA114161851A42800358D0A /* InfoPlist.strings */; };
		BAA1141A1851A42800358D0A /* ThousandWordsTests.m in Sources */ = {isa = PBXBuildFile; fileRef = BAA114191851A42800358D0A /* ThousandWordsTests.m */; };
		BAA11424185C07BD00358D0A /* iphone-Storyboard.storyboard in Resources */ = {isa = PBXBuildFile; fileRef = BAA11423185C07BD00358D0A /* iphone-Storyboard.storyboard */; };
		BAA11427185C085700358D0A /* TWAlbumTableViewController.m in Sources */ = {isa = PBXBuildFile; fileRef = BAA11426185C085700358D0A /* TWAlbumTableViewController.m */; };
		BAA11430185C24F000358D0A /* TWCoreDataHelper.m in Sources */ = {isa = PBXBuildFile; fileRef = BAA1142F185C24F000358D0A /* TWCoreDataHelper.m */; };
		BAA11433185C284900358D0A /* TWPhotosCollectionViewController.m in Sources */ = {isa = PBXBuildFile; fileRef = BAA11432185C284900358D0A /* TWPhotosCollectionViewController.m */; };
		BAA11436185C2AA300358D0A /* TWPhotoCollectionViewCell.m in Sources */ = {isa = PBXBuildFile; fileRef = BAA11435185C2AA300358D0A /* TWPhotoCollectionViewCell.m */; };
		BAA11438185C2CCD00358D0A /* Astronaut.jpg in Resources */ = {isa = PBXBuildFile; fileRef = BAA11437185C2CCD00358D0A /* Astronaut.jpg */; };
		BAA1143B185CD0A300358D0A /* Photo.m in Sources */ = {isa = PBXBuildFile; fileRef = BAA1143A185CD0A300358D0A /* Photo.m */; };
		BAA1143E185CD0A300358D0A /* Album.m in Sources */ = {isa = PBXBuildFile; fileRef = BAA1143D185CD0A300358D0A /* Album.m */; };
		BAA11445185CF25400358D0A /* TWPhotoDetailViewController.m in Sources */ = {isa = PBXBuildFile; fileRef = BAA11444185CF25400358D0A /* TWPhotoDetailViewController.m */; };
/* End PBXBuildFile section */

/* Begin PBXContainerItemProxy section */
		BAA114111851A42800358D0A /* PBXContainerItemProxy */ = {
			isa = PBXContainerItemProxy;
			containerPortal = BAA113E31851A42700358D0A /* Project object */;
			proxyType = 1;
			remoteGlobalIDString = BAA113EA1851A42700358D0A;
			remoteInfo = ThousandWords;
		};
/* End PBXContainerItemProxy section */

/* Begin PBXFileReference section */
		BA1AC98C185FF54400D30E2A /* TWPictureDataTransformer.h */ = {isa = PBXFileReference; fileEncoding = 4; lastKnownFileType = sourcecode.c.h; path = TWPictureDataTransformer.h; sourceTree = "<group>"; };
		BA1AC98D185FF54400D30E2A /* TWPictureDataTransformer.m */ = {isa = PBXFileReference; fileEncoding = 4; lastKnownFileType = sourcecode.c.objc; path = TWPictureDataTransformer.m; sourceTree = "<group>"; };
		BA1AC98F185FF60600D30E2A /* TWFiltersCollectionViewController.h */ = {isa = PBXFileReference; fileEncoding = 4; lastKnownFileType = sourcecode.c.h; path = TWFiltersCollectionViewController.h; sourceTree = "<group>"; };
		BA1AC990185FF60600D30E2A /* TWFiltersCollectionViewController.m */ = {isa = PBXFileReference; fileEncoding = 4; lastKnownFileType = sourcecode.c.objc; path = TWFiltersCollectionViewController.m; sourceTree = "<group>"; };
		BAA113EB1851A42700358D0A /* ThousandWords.app */ = {isa = PBXFileReference; explicitFileType = wrapper.application; includeInIndex = 0; path = ThousandWords.app; sourceTree = BUILT_PRODUCTS_DIR; };
		BAA113EE1851A42700358D0A /* Foundation.framework */ = {isa = PBXFileReference; lastKnownFileType = wrapper.framework; name = Foundation.framework; path = System/Library/Frameworks/Foundation.framework; sourceTree = SDKROOT; };
		BAA113F01851A42700358D0A /* CoreGraphics.framework */ = {isa = PBXFileReference; lastKnownFileType = wrapper.framework; name = CoreGraphics.framework; path = System/Library/Frameworks/CoreGraphics.framework; sourceTree = SDKROOT; };
		BAA113F21851A42700358D0A /* UIKit.framework */ = {isa = PBXFileReference; lastKnownFileType = wrapper.framework; name = UIKit.framework; path = System/Library/Frameworks/UIKit.framework; sourceTree = SDKROOT; };
		BAA113F41851A42700358D0A /* CoreData.framework */ = {isa = PBXFileReference; lastKnownFileType = wrapper.framework; name = CoreData.framework; path = System/Library/Frameworks/CoreData.framework; sourceTree = SDKROOT; };
		BAA113F81851A42700358D0A /* ThousandWords-Info.plist */ = {isa = PBXFileReference; lastKnownFileType = text.plist.xml; path = "ThousandWords-Info.plist"; sourceTree = "<group>"; };
		BAA113FA1851A42700358D0A /* en */ = {isa = PBXFileReference; lastKnownFileType = text.plist.strings; name = en; path = en.lproj/InfoPlist.strings; sourceTree = "<group>"; };
		BAA113FC1851A42700358D0A /* main.m */ = {isa = PBXFileReference; lastKnownFileType = sourcecode.c.objc; path = main.m; sourceTree = "<group>"; };
		BAA113FE1851A42700358D0A /* ThousandWords-Prefix.pch */ = {isa = PBXFileReference; lastKnownFileType = sourcecode.c.h; path = "ThousandWords-Prefix.pch"; sourceTree = "<group>"; };
		BAA113FF1851A42700358D0A /* TWAppDelegate.h */ = {isa = PBXFileReference; lastKnownFileType = sourcecode.c.h; path = TWAppDelegate.h; sourceTree = "<group>"; };
		BAA114001851A42700358D0A /* TWAppDelegate.m */ = {isa = PBXFileReference; lastKnownFileType = sourcecode.c.objc; path = TWAppDelegate.m; sourceTree = "<group>"; };
		BAA114031851A42700358D0A /* ThousandWords.xcdatamodel */ = {isa = PBXFileReference; lastKnownFileType = wrapper.xcdatamodel; path = ThousandWords.xcdatamodel; sourceTree = "<group>"; };
		BAA114051851A42700358D0A /* Images.xcassets */ = {isa = PBXFileReference; lastKnownFileType = folder.assetcatalog; path = Images.xcassets; sourceTree = "<group>"; };
		BAA1140B1851A42800358D0A /* ThousandWordsTests.xctest */ = {isa = PBXFileReference; explicitFileType = wrapper.cfbundle; includeInIndex = 0; path = ThousandWordsTests.xctest; sourceTree = BUILT_PRODUCTS_DIR; };
		BAA1140C1851A42800358D0A /* XCTest.framework */ = {isa = PBXFileReference; lastKnownFileType = wrapper.framework; name = XCTest.framework; path = Library/Frameworks/XCTest.framework; sourceTree = DEVELOPER_DIR; };
		BAA114151851A42800358D0A /* ThousandWordsTests-Info.plist */ = {isa = PBXFileReference; lastKnownFileType = text.plist.xml; path = "ThousandWordsTests-Info.plist"; sourceTree = "<group>"; };
		BAA114171851A42800358D0A /* en */ = {isa = PBXFileReference; lastKnownFileType = text.plist.strings; name = en; path = en.lproj/InfoPlist.strings; sourceTree = "<group>"; };
		BAA114191851A42800358D0A /* ThousandWordsTests.m */ = {isa = PBXFileReference; lastKnownFileType = sourcecode.c.objc; path = ThousandWordsTests.m; sourceTree = "<group>"; };
		BAA11423185C07BD00358D0A /* iphone-Storyboard.storyboard */ = {isa = PBXFileReference; fileEncoding = 4; lastKnownFileType = file.storyboard; path = "iphone-Storyboard.storyboard"; sourceTree = "<group>"; };
		BAA11425185C085700358D0A /* TWAlbumTableViewController.h */ = {isa = PBXFileReference; fileEncoding = 4; lastKnownFileType = sourcecode.c.h; path = TWAlbumTableViewController.h; sourceTree = "<group>"; };
		BAA11426185C085700358D0A /* TWAlbumTableViewController.m */ = {isa = PBXFileReference; fileEncoding = 4; lastKnownFileType = sourcecode.c.objc; path = TWAlbumTableViewController.m; sourceTree = "<group>"; };
		BAA1142E185C24F000358D0A /* TWCoreDataHelper.h */ = {isa = PBXFileReference; fileEncoding = 4; lastKnownFileType = sourcecode.c.h; path = TWCoreDataHelper.h; sourceTree = "<group>"; };
		BAA1142F185C24F000358D0A /* TWCoreDataHelper.m */ = {isa = PBXFileReference; fileEncoding = 4; lastKnownFileType = sourcecode.c.objc; path = TWCoreDataHelper.m; sourceTree = "<group>"; };
		BAA11431185C284900358D0A /* TWPhotosCollectionViewController.h */ = {isa = PBXFileReference; fileEncoding = 4; lastKnownFileType = sourcecode.c.h; path = TWPhotosCollectionViewController.h; sourceTree = "<group>"; };
		BAA11432185C284900358D0A /* TWPhotosCollectionViewController.m */ = {isa = PBXFileReference; fileEncoding = 4; lastKnownFileType = sourcecode.c.objc; path = TWPhotosCollectionViewController.m; sourceTree = "<group>"; };
		BAA11434185C2AA300358D0A /* TWPhotoCollectionViewCell.h */ = {isa = PBXFileReference; fileEncoding = 4; lastKnownFileType = sourcecode.c.h; path = TWPhotoCollectionViewCell.h; sourceTree = "<group>"; };
		BAA11435185C2AA300358D0A /* TWPhotoCollectionViewCell.m */ = {isa = PBXFileReference; fileEncoding = 4; lastKnownFileType = sourcecode.c.objc; path = TWPhotoCollectionViewCell.m; sourceTree = "<group>"; };
		BAA11437185C2CCD00358D0A /* Astronaut.jpg */ = {isa = PBXFileReference; lastKnownFileType = image.jpeg; path = Astronaut.jpg; sourceTree = "<group>"; };
		BAA11439185CD0A300358D0A /* Photo.h */ = {isa = PBXFileReference; fileEncoding = 4; lastKnownFileType = sourcecode.c.h; path = Photo.h; sourceTree = "<group>"; };
		BAA1143A185CD0A300358D0A /* Photo.m */ = {isa = PBXFileReference; fileEncoding = 4; lastKnownFileType = sourcecode.c.objc; path = Photo.m; sourceTree = "<group>"; };
		BAA1143C185CD0A300358D0A /* Album.h */ = {isa = PBXFileReference; fileEncoding = 4; lastKnownFileType = sourcecode.c.h; path = Album.h; sourceTree = "<group>"; };
		BAA1143D185CD0A300358D0A /* Album.m */ = {isa = PBXFileReference; fileEncoding = 4; lastKnownFileType = sourcecode.c.objc; path = Album.m; sourceTree = "<group>"; };
		BAA11443185CF25400358D0A /* TWPhotoDetailViewController.h */ = {isa = PBXFileReference; fileEncoding = 4; lastKnownFileType = sourcecode.c.h; path = TWPhotoDetailViewController.h; sourceTree = "<group>"; };
		BAA11444185CF25400358D0A /* TWPhotoDetailViewController.m */ = {isa = PBXFileReference; fileEncoding = 4; lastKnownFileType = sourcecode.c.objc; path = TWPhotoDetailViewController.m; sourceTree = "<group>"; };
/* End PBXFileReference section */

/* Begin PBXFrameworksBuildPhase section */
		BAA113E81851A42700358D0A /* Frameworks */ = {
			isa = PBXFrameworksBuildPhase;
			buildActionMask = 2147483647;
			files = (
				BAA113F11851A42700358D0A /* CoreGraphics.framework in Frameworks */,
				BAA113F51851A42700358D0A /* CoreData.framework in Frameworks */,
				BAA113F31851A42700358D0A /* UIKit.framework in Frameworks */,
				BAA113EF1851A42700358D0A /* Foundation.framework in Frameworks */,
			);
			runOnlyForDeploymentPostprocessing = 0;
		};
		BAA114081851A42800358D0A /* Frameworks */ = {
			isa = PBXFrameworksBuildPhase;
			buildActionMask = 2147483647;
			files = (
				BAA1140D1851A42800358D0A /* XCTest.framework in Frameworks */,
				BAA114101851A42800358D0A /* CoreData.framework in Frameworks */,
				BAA1140F1851A42800358D0A /* UIKit.framework in Frameworks */,
				BAA1140E1851A42800358D0A /* Foundation.framework in Frameworks */,
			);
			runOnlyForDeploymentPostprocessing = 0;
		};
/* End PBXFrameworksBuildPhase section */

/* Begin PBXGroup section */
		BAA113E21851A42700358D0A = {
			isa = PBXGroup;
			children = (
				BAA113F61851A42700358D0A /* ThousandWords */,
				BAA114131851A42800358D0A /* ThousandWordsTests */,
				BAA113ED1851A42700358D0A /* Frameworks */,
				BAA113EC1851A42700358D0A /* Products */,
			);
			sourceTree = "<group>";
		};
		BAA113EC1851A42700358D0A /* Products */ = {
			isa = PBXGroup;
			children = (
				BAA113EB1851A42700358D0A /* ThousandWords.app */,
				BAA1140B1851A42800358D0A /* ThousandWordsTests.xctest */,
			);
			name = Products;
			sourceTree = "<group>";
		};
		BAA113ED1851A42700358D0A /* Frameworks */ = {
			isa = PBXGroup;
			children = (
				BAA113EE1851A42700358D0A /* Foundation.framework */,
				BAA113F01851A42700358D0A /* CoreGraphics.framework */,
				BAA113F21851A42700358D0A /* UIKit.framework */,
				BAA113F41851A42700358D0A /* CoreData.framework */,
				BAA1140C1851A42800358D0A /* XCTest.framework */,
			);
			name = Frameworks;
			sourceTree = "<group>";
		};
		BAA113F61851A42700358D0A /* ThousandWords */ = {
			isa = PBXGroup;
			children = (
				BAA11423185C07BD00358D0A /* iphone-Storyboard.storyboard */,
				BAA11425185C085700358D0A /* TWAlbumTableViewController.h */,
				BAA11426185C085700358D0A /* TWAlbumTableViewController.m */,
				BAA11443185CF25400358D0A /* TWPhotoDetailViewController.h */,
				BAA11444185CF25400358D0A /* TWPhotoDetailViewController.m */,
				BAA11431185C284900358D0A /* TWPhotosCollectionViewController.h */,
				BAA11432185C284900358D0A /* TWPhotosCollectionViewController.m */,
				BAA11434185C2AA300358D0A /* TWPhotoCollectionViewCell.h */,
				BAA11435185C2AA300358D0A /* TWPhotoCollectionViewCell.m */,
				BA1AC98F185FF60600D30E2A /* TWFiltersCollectionViewController.h */,
				BA1AC990185FF60600D30E2A /* TWFiltersCollectionViewController.m */,
				BAA1142E185C24F000358D0A /* TWCoreDataHelper.h */,
				BAA1142F185C24F000358D0A /* TWCoreDataHelper.m */,
				BAA114051851A42700358D0A /* Images.xcassets */,
				BAA1143F185CD0D200358D0A /* CoreData */,
				BAA113F71851A42700358D0A /* Supporting Files */,
			);
			path = ThousandWords;
			sourceTree = "<group>";
		};
		BAA113F71851A42700358D0A /* Supporting Files */ = {
			isa = PBXGroup;
			children = (
				BAA11437185C2CCD00358D0A /* Astronaut.jpg */,
				BAA113FF1851A42700358D0A /* TWAppDelegate.h */,
				BAA114001851A42700358D0A /* TWAppDelegate.m */,
				BAA113F81851A42700358D0A /* ThousandWords-Info.plist */,
				BAA113F91851A42700358D0A /* InfoPlist.strings */,
				BAA113FC1851A42700358D0A /* main.m */,
				BAA113FE1851A42700358D0A /* ThousandWords-Prefix.pch */,
			);
			name = "Supporting Files";
			sourceTree = "<group>";
		};
		BAA114131851A42800358D0A /* ThousandWordsTests */ = {
			isa = PBXGroup;
			children = (
				BAA114191851A42800358D0A /* ThousandWordsTests.m */,
				BAA114141851A42800358D0A /* Supporting Files */,
			);
			path = ThousandWordsTests;
			sourceTree = "<group>";
		};
		BAA114141851A42800358D0A /* Supporting Files */ = {
			isa = PBXGroup;
			children = (
				BAA114151851A42800358D0A /* ThousandWordsTests-Info.plist */,
				BAA114161851A42800358D0A /* InfoPlist.strings */,
			);
			name = "Supporting Files";
			sourceTree = "<group>";
		};
		BAA1143F185CD0D200358D0A /* CoreData */ = {
			isa = PBXGroup;
			children = (
				BAA114021851A42700358D0A /* ThousandWords.xcdatamodeld */,
				BAA1143C185CD0A300358D0A /* Album.h */,
				BAA1143D185CD0A300358D0A /* Album.m */,
				BAA11439185CD0A300358D0A /* Photo.h */,
				BAA1143A185CD0A300358D0A /* Photo.m */,
				BA1AC98C185FF54400D30E2A /* TWPictureDataTransformer.h */,
				BA1AC98D185FF54400D30E2A /* TWPictureDataTransformer.m */,
			);
			name = CoreData;
			sourceTree = "<group>";
		};
/* End PBXGroup section */

/* Begin PBXNativeTarget section */
		BAA113EA1851A42700358D0A /* ThousandWords */ = {
			isa = PBXNativeTarget;
			buildConfigurationList = BAA1141D1851A42800358D0A /* Build configuration list for PBXNativeTarget "ThousandWords" */;
			buildPhases = (
				BAA113E71851A42700358D0A /* Sources */,
				BAA113E81851A42700358D0A /* Frameworks */,
				BAA113E91851A42700358D0A /* Resources */,
			);
			buildRules = (
			);
			dependencies = (
			);
			name = ThousandWords;
			productName = ThousandWords;
			productReference = BAA113EB1851A42700358D0A /* ThousandWords.app */;
			productType = "com.apple.product-type.application";
		};
		BAA1140A1851A42800358D0A /* ThousandWordsTests */ = {
			isa = PBXNativeTarget;
			buildConfigurationList = BAA114201851A42800358D0A /* Build configuration list for PBXNativeTarget "ThousandWordsTests" */;
			buildPhases = (
				BAA114071851A42800358D0A /* Sources */,
				BAA114081851A42800358D0A /* Frameworks */,
				BAA114091851A42800358D0A /* Resources */,
			);
			buildRules = (
			);
			dependencies = (
				BAA114121851A42800358D0A /* PBXTargetDependency */,
			);
			name = ThousandWordsTests;
			productName = ThousandWordsTests;
			productReference = BAA1140B1851A42800358D0A /* ThousandWordsTests.xctest */;
			productType = "com.apple.product-type.bundle.unit-test";
		};
/* End PBXNativeTarget section */

/* Begin PBXProject section */
		BAA113E31851A42700358D0A /* Project object */ = {
			isa = PBXProject;
			attributes = {
				CLASSPREFIX = TW;
				LastUpgradeCheck = 0500;
				ORGANIZATIONNAME = "LL inc.";
				TargetAttributes = {
					BAA1140A1851A42800358D0A = {
						TestTargetID = BAA113EA1851A42700358D0A;
					};
				};
			};
			buildConfigurationList = BAA113E61851A42700358D0A /* Build configuration list for PBXProject "ThousandWords" */;
			compatibilityVersion = "Xcode 3.2";
			developmentRegion = English;
			hasScannedForEncodings = 0;
			knownRegions = (
				en,
			);
			mainGroup = BAA113E21851A42700358D0A;
			productRefGroup = BAA113EC1851A42700358D0A /* Products */;
			projectDirPath = "";
			projectRoot = "";
			targets = (
				BAA113EA1851A42700358D0A /* ThousandWords */,
				BAA1140A1851A42800358D0A /* ThousandWordsTests */,
			);
		};
/* End PBXProject section */

/* Begin PBXResourcesBuildPhase section */
		BAA113E91851A42700358D0A /* Resources */ = {
			isa = PBXResourcesBuildPhase;
			buildActionMask = 2147483647;
			files = (
				BAA11424185C07BD00358D0A /* iphone-Storyboard.storyboard in Resources */,
				BAA11438185C2CCD00358D0A /* Astronaut.jpg in Resources */,
				BAA113FB1851A42700358D0A /* InfoPlist.strings in Resources */,
				BAA114061851A42700358D0A /* Images.xcassets in Resources */,
			);
			runOnlyForDeploymentPostprocessing = 0;
		};
		BAA114091851A42800358D0A /* Resources */ = {
			isa = PBXResourcesBuildPhase;
			buildActionMask = 2147483647;
			files = (
				BAA114181851A42800358D0A /* InfoPlist.strings in Resources */,
			);
			runOnlyForDeploymentPostprocessing = 0;
		};
/* End PBXResourcesBuildPhase section */

/* Begin PBXSourcesBuildPhase section */
		BAA113E71851A42700358D0A /* Sources */ = {
			isa = PBXSourcesBuildPhase;
			buildActionMask = 2147483647;
			files = (
				BAA114041851A42700358D0A /* ThousandWords.xcdatamodeld in Sources */,
				BA1AC991185FF60600D30E2A /* TWFiltersCollectionViewController.m in Sources */,
				BAA11433185C284900358D0A /* TWPhotosCollectionViewController.m in Sources */,
				BAA11436185C2AA300358D0A /* TWPhotoCollectionViewCell.m in Sources */,
				BAA1143E185CD0A300358D0A /* Album.m in Sources */,
				BAA1143B185CD0A300358D0A /* Photo.m in Sources */,
				BAA113FD1851A42700358D0A /* main.m in Sources */,
				BAA11427185C085700358D0A /* TWAlbumTableViewController.m in Sources */,
				BAA11445185CF25400358D0A /* TWPhotoDetailViewController.m in Sources */,
				BA1AC98E185FF54400D30E2A /* TWPictureDataTransformer.m in Sources */,
				BAA114011851A42700358D0A /* TWAppDelegate.m in Sources */,
				BAA11430185C24F000358D0A /* TWCoreDataHelper.m in Sources */,
			);
			runOnlyForDeploymentPostprocessing = 0;
		};
		BAA114071851A42800358D0A /* Sources */ = {
			isa = PBXSourcesBuildPhase;
			buildActionMask = 2147483647;
			files = (
				BAA1141A1851A42800358D0A /* ThousandWordsTests.m in Sources */,
			);
			runOnlyForDeploymentPostprocessing = 0;
		};
/* End PBXSourcesBuildPhase section */

/* Begin PBXTargetDependency section */
		BAA114121851A42800358D0A /* PBXTargetDependency */ = {
			isa = PBXTargetDependency;
			target = BAA113EA1851A42700358D0A /* ThousandWords */;
			targetProxy = BAA114111851A42800358D0A /* PBXContainerItemProxy */;
		};
/* End PBXTargetDependency section */

/* Begin PBXVariantGroup section */
		BAA113F91851A42700358D0A /* InfoPlist.strings */ = {
			isa = PBXVariantGroup;
			children = (
				BAA113FA1851A42700358D0A /* en */,
			);
			name = InfoPlist.strings;
			sourceTree = "<group>";
		};
		BAA114161851A42800358D0A /* InfoPlist.strings */ = {
			isa = PBXVariantGroup;
			children = (
				BAA114171851A42800358D0A /* en */,
			);
			name = InfoPlist.strings;
			sourceTree = "<group>";
		};
/* End PBXVariantGroup section */

/* Begin XCBuildConfiguration section */
		BAA1141B1851A42800358D0A /* Debug */ = {
			isa = XCBuildConfiguration;
			buildSettings = {
				ALWAYS_SEARCH_USER_PATHS = NO;
				ARCHS = "$(ARCHS_STANDARD_INCLUDING_64_BIT)";
				CLANG_CXX_LANGUAGE_STANDARD = "gnu++0x";
				CLANG_CXX_LIBRARY = "libc++";
				CLANG_ENABLE_MODULES = YES;
				CLANG_ENABLE_OBJC_ARC = YES;
				CLANG_WARN_BOOL_CONVERSION = YES;
				CLANG_WARN_CONSTANT_CONVERSION = YES;
				CLANG_WARN_DIRECT_OBJC_ISA_USAGE = YES_ERROR;
				CLANG_WARN_EMPTY_BODY = YES;
				CLANG_WARN_ENUM_CONVERSION = YES;
				CLANG_WARN_INT_CONVERSION = YES;
				CLANG_WARN_OBJC_ROOT_CLASS = YES_ERROR;
				CLANG_WARN__DUPLICATE_METHOD_MATCH = YES;
				"CODE_SIGN_IDENTITY[sdk=iphoneos*]" = "iPhone Developer";
				COPY_PHASE_STRIP = NO;
				GCC_C_LANGUAGE_STANDARD = gnu99;
				GCC_DYNAMIC_NO_PIC = NO;
				GCC_OPTIMIZATION_LEVEL = 0;
				GCC_PREPROCESSOR_DEFINITIONS = (
					"DEBUG=1",
					"$(inherited)",
				);
				GCC_SYMBOLS_PRIVATE_EXTERN = NO;
				GCC_WARN_64_TO_32_BIT_CONVERSION = YES;
				GCC_WARN_ABOUT_RETURN_TYPE = YES_ERROR;
				GCC_WARN_UNDECLARED_SELECTOR = YES;
				GCC_WARN_UNINITIALIZED_AUTOS = YES;
				GCC_WARN_UNUSED_FUNCTION = YES;
				GCC_WARN_UNUSED_VARIABLE = YES;
				IPHONEOS_DEPLOYMENT_TARGET = 7.0;
				ONLY_ACTIVE_ARCH = YES;
				SDKROOT = iphoneos;
			};
			name = Debug;
		};
		BAA1141C1851A42800358D0A /* Release */ = {
			isa = XCBuildConfiguration;
			buildSettings = {
				ALWAYS_SEARCH_USER_PATHS = NO;
				ARCHS = "$(ARCHS_STANDARD_INCLUDING_64_BIT)";
				CLANG_CXX_LANGUAGE_STANDARD = "gnu++0x";
				CLANG_CXX_LIBRARY = "libc++";
				CLANG_ENABLE_MODULES = YES;
				CLANG_ENABLE_OBJC_ARC = YES;
				CLANG_WARN_BOOL_CONVERSION = YES;
				CLANG_WARN_CONSTANT_CONVERSION = YES;
				CLANG_WARN_DIRECT_OBJC_ISA_USAGE = YES_ERROR;
				CLANG_WARN_EMPTY_BODY = YES;
				CLANG_WARN_ENUM_CONVERSION = YES;
				CLANG_WARN_INT_CONVERSION = YES;
				CLANG_WARN_OBJC_ROOT_CLASS = YES_ERROR;
				CLANG_WARN__DUPLICATE_METHOD_MATCH = YES;
				"CODE_SIGN_IDENTITY[sdk=iphoneos*]" = "iPhone Developer";
				COPY_PHASE_STRIP = YES;
				ENABLE_NS_ASSERTIONS = NO;
				GCC_C_LANGUAGE_STANDARD = gnu99;
				GCC_WARN_64_TO_32_BIT_CONVERSION = YES;
				GCC_WARN_ABOUT_RETURN_TYPE = YES_ERROR;
				GCC_WARN_UNDECLARED_SELECTOR = YES;
				GCC_WARN_UNINITIALIZED_AUTOS = YES;
				GCC_WARN_UNUSED_FUNCTION = YES;
				GCC_WARN_UNUSED_VARIABLE = YES;
				IPHONEOS_DEPLOYMENT_TARGET = 7.0;
				SDKROOT = iphoneos;
				VALIDATE_PRODUCT = YES;
			};
			name = Release;
		};
		BAA1141E1851A42800358D0A /* Debug */ = {
			isa = XCBuildConfiguration;
			buildSettings = {
				ASSETCATALOG_COMPILER_APPICON_NAME = AppIcon;
				ASSETCATALOG_COMPILER_LAUNCHIMAGE_NAME = LaunchImage;
				GCC_PRECOMPILE_PREFIX_HEADER = YES;
				GCC_PREFIX_HEADER = "ThousandWords/ThousandWords-Prefix.pch";
				INFOPLIST_FILE = "ThousandWords/ThousandWords-Info.plist";
				PRODUCT_NAME = "$(TARGET_NAME)";
				WRAPPER_EXTENSION = app;
			};
			name = Debug;
		};
		BAA1141F1851A42800358D0A /* Release */ = {
			isa = XCBuildConfiguration;
			buildSettings = {
				ASSETCATALOG_COMPILER_APPICON_NAME = AppIcon;
				ASSETCATALOG_COMPILER_LAUNCHIMAGE_NAME = LaunchImage;
				GCC_PRECOMPILE_PREFIX_HEADER = YES;
				GCC_PREFIX_HEADER = "ThousandWords/ThousandWords-Prefix.pch";
				INFOPLIST_FILE = "ThousandWords/ThousandWords-Info.plist";
				PRODUCT_NAME = "$(TARGET_NAME)";
				WRAPPER_EXTENSION = app;
			};
			name = Release;
		};
		BAA114211851A42800358D0A /* Debug */ = {
			isa = XCBuildConfiguration;
			buildSettings = {
				ARCHS = "$(ARCHS_STANDARD_INCLUDING_64_BIT)";
				BUNDLE_LOADER = "$(BUILT_PRODUCTS_DIR)/ThousandWords.app/ThousandWords";
				FRAMEWORK_SEARCH_PATHS = (
					"$(SDKROOT)/Developer/Library/Frameworks",
					"$(inherited)",
					"$(DEVELOPER_FRAMEWORKS_DIR)",
				);
				GCC_PRECOMPILE_PREFIX_HEADER = YES;
				GCC_PREFIX_HEADER = "ThousandWords/ThousandWords-Prefix.pch";
				GCC_PREPROCESSOR_DEFINITIONS = (
					"DEBUG=1",
					"$(inherited)",
				);
				INFOPLIST_FILE = "ThousandWordsTests/ThousandWordsTests-Info.plist";
				PRODUCT_NAME = "$(TARGET_NAME)";
				TEST_HOST = "$(BUNDLE_LOADER)";
				WRAPPER_EXTENSION = xctest;
			};
			name = Debug;
		};
		BAA114221851A42800358D0A /* Release */ = {
			isa = XCBuildConfiguration;
			buildSettings = {
				ARCHS = "$(ARCHS_STANDARD_INCLUDING_64_BIT)";
				BUNDLE_LOADER = "$(BUILT_PRODUCTS_DIR)/ThousandWords.app/ThousandWords";
				FRAMEWORK_SEARCH_PATHS = (
					"$(SDKROOT)/Developer/Library/Frameworks",
					"$(inherited)",
					"$(DEVELOPER_FRAMEWORKS_DIR)",
				);
				GCC_PRECOMPILE_PREFIX_HEADER = YES;
				GCC_PREFIX_HEADER = "ThousandWords/ThousandWords-Prefix.pch";
				INFOPLIST_FILE = "ThousandWordsTests/ThousandWordsTests-Info.plist";
				PRODUCT_NAME = "$(TARGET_NAME)";
				TEST_HOST = "$(BUNDLE_LOADER)";
				WRAPPER_EXTENSION = xctest;
			};
			name = Release;
		};
/* End XCBuildConfiguration section */

/* Begin XCConfigurationList section */
		BAA113E61851A42700358D0A /* Build configuration list for PBXProject "ThousandWords" */ = {
			isa = XCConfigurationList;
			buildConfigurations = (
				BAA1141B1851A42800358D0A /* Debug */,
				BAA1141C1851A42800358D0A /* Release */,
			);
			defaultConfigurationIsVisible = 0;
			defaultConfigurationName = Release;
		};
		BAA1141D1851A42800358D0A /* Build configuration list for PBXNativeTarget "ThousandWords" */ = {
			isa = XCConfigurationList;
			buildConfigurations = (
				BAA1141E1851A42800358D0A /* Debug */,
				BAA1141F1851A42800358D0A /* Release */,
			);
			defaultConfigurationIsVisible = 0;
			defaultConfigurationName = Release;
		};
		BAA114201851A42800358D0A /* Build configuration list for PBXNativeTarget "ThousandWordsTests" */ = {
			isa = XCConfigurationList;
			buildConfigurations = (
				BAA114211851A42800358D0A /* Debug */,
				BAA114221851A42800358D0A /* Release */,
			);
			defaultConfigurationIsVisible = 0;
			defaultConfigurationName = Release;
		};
/* End XCConfigurationList section */

/* Begin XCVersionGroup section */
		BAA114021851A42700358D0A /* ThousandWords.xcdatamodeld */ = {
			isa = XCVersionGroup;
			children = (
				BAA114031851A42700358D0A /* ThousandWords.xcdatamodel */,
			);
			currentVersion = BAA114031851A42700358D0A /* ThousandWords.xcdatamodel */;
			path = ThousandWords.xcdatamodeld;
			sourceTree = "<group>";
			versionGroupType = wrapper.xcdatamodel;
		};
/* End XCVersionGroup section */
	};
	rootObject = BAA113E31851A42700358D0A /* Project object */;
}
